
Microsoft Visual Studio Solution File, Format Version 12.00
# Visual Studio Version 17
VisualStudioVersion = 17.7.34024.191
MinimumVisualStudioVersion = 10.0.40219.1
Project("{FAE04EC0-301F-11D3-BF4B-00C04F79EFBC}") = "PTB1", "PTB1\PTB1.csproj", "{37B89040-3453-4120-98A0-B613CC3DC528}"
EndProject
Project("{FAE04EC0-301F-11D3-BF4B-00C04F79EFBC}") = "lib_PTB1", "lib_PTB1\lib_PTB1.csproj", "{457479C5-9DC4-42F2-AF4B-9F4B9D1737CD}"
EndProject
Project("{FAE04EC0-301F-11D3-BF4B-00C04F79EFBC}") = "PTB1_Library", "PTB1_Library\PTB1_Library.csproj", "{0023D8F0-0876-4CA9-A779-8BA80FF19D64}"
EndProject
Project("{FAE04EC0-301F-11D3-BF4B-00C04F79EFBC}") = "WebApplication1", "WebApplication1\WebApplication1.csproj", "{F53605A3-FC92-4CAE-B85D-A830D245FA1E}"
EndProject
Global
	GlobalSection(SolutionConfigurationPlatforms) = preSolution
		Debug|Any CPU = Debug|Any CPU
		Release|Any CPU = Release|Any CPU
	EndGlobalSection
	GlobalSection(ProjectConfigurationPlatforms) = postSolution
		{37B89040-3453-4120-98A0-B613CC3DC528}.Debug|Any CPU.ActiveCfg = Debug|Any CPU
		{37B89040-3453-4120-98A0-B613CC3DC528}.Debug|Any CPU.Build.0 = Debug|Any CPU
		{37B89040-3453-4120-98A0-B613CC3DC528}.Release|Any CPU.ActiveCfg = Release|Any CPU
		{37B89040-3453-4120-98A0-B613CC3DC528}.Release|Any CPU.Build.0 = Release|Any CPU
		{457479C5-9DC4-42F2-AF4B-9F4B9D1737CD}.Debug|Any CPU.ActiveCfg = Debug|Any CPU
		{457479C5-9DC4-42F2-AF4B-9F4B9D1737CD}.Debug|Any CPU.Build.0 = Debug|Any CPU
		{457479C5-9DC4-42F2-AF4B-9F4B9D1737CD}.Release|Any CPU.ActiveCfg = Release|Any CPU
		{457479C5-9DC4-42F2-AF4B-9F4B9D1737CD}.Release|Any CPU.Build.0 = Release|Any CPU
		{0023D8F0-0876-4CA9-A779-8BA80FF19D64}.Debug|Any CPU.ActiveCfg = Debug|Any CPU
		{0023D8F0-0876-4CA9-A779-8BA80FF19D64}.Debug|Any CPU.Build.0 = Debug|Any CPU
		{0023D8F0-0876-4CA9-A779-8BA80FF19D64}.Release|Any CPU.ActiveCfg = Release|Any CPU
		{0023D8F0-0876-4CA9-A779-8BA80FF19D64}.Release|Any CPU.Build.0 = Release|Any CPU
		{F53605A3-FC92-4CAE-B85D-A830D245FA1E}.Debug|Any CPU.ActiveCfg = Debug|Any CPU
		{F53605A3-FC92-4CAE-B85D-A830D245FA1E}.Debug|Any CPU.Build.0 = Debug|Any CPU
		{F53605A3-FC92-4CAE-B85D-A830D245FA1E}.Release|Any CPU.ActiveCfg = Release|Any CPU
		{F53605A3-FC92-4CAE-B85D-A830D245FA1E}.Release|Any CPU.Build.0 = Release|Any CPU
	EndGlobalSection
	GlobalSection(SolutionProperties) = preSolution
		HideSolutionNode = FALSE
	EndGlobalSection
	GlobalSection(ExtensibilityGlobals) = postSolution
		SolutionGuid = {9B1F1508-61EC-44AE-9EC2-673FE721EA95}
	EndGlobalSection
EndGlobal
